// !$*UTF8*$!
{
	archiveVersion = 1;
	classes = {
	};
	objectVersion = 56;
	objects = {

/* Begin PBXBuildFile section */
		2A1105EE0DD20978CDC4B8FA /* libPods-LazyLoadingList.a in Frameworks */ = {isa = PBXBuildFile; fileRef = 0CB0E86C52C0C59A1F3C6FD4 /* libPods-LazyLoadingList.a */; };
		D52302792C772D70003B5989 /* PersonDetailsVC.swift in Sources */ = {isa = PBXBuildFile; fileRef = D52302782C772D70003B5989 /* PersonDetailsVC.swift */; };
		D523027C2C772D9A003B5989 /* PersonDetailsView.swift in Sources */ = {isa = PBXBuildFile; fileRef = D523027B2C772D9A003B5989 /* PersonDetailsView.swift */; };
		D52302822C773628003B5989 /* UIColor+Extension.swift in Sources */ = {isa = PBXBuildFile; fileRef = D52302812C773628003B5989 /* UIColor+Extension.swift */; };
		D52302872C7739F0003B5989 /* BaseUIView.swift in Sources */ = {isa = PBXBuildFile; fileRef = D52302862C7739F0003B5989 /* BaseUIView.swift */; };
		D52302892C773DCF003B5989 /* SingleDetailView.swift in Sources */ = {isa = PBXBuildFile; fileRef = D52302882C773DCF003B5989 /* SingleDetailView.swift */; };
		D523E9F32C78236F00F9D48C /* PersonService.swift in Sources */ = {isa = PBXBuildFile; fileRef = D523E9F22C78236F00F9D48C /* PersonService.swift */; };
		D523E9F52C7825FC00F9D48C /* PersonListViewModel.swift in Sources */ = {isa = PBXBuildFile; fileRef = D523E9F42C7825FC00F9D48C /* PersonListViewModel.swift */; };
		D523E9F82C78283F00F9D48C /* AppCoordinator.swift in Sources */ = {isa = PBXBuildFile; fileRef = D523E9F72C78283F00F9D48C /* AppCoordinator.swift */; };
		D523E9FA2C782D4200F9D48C /* APIConstants.swift in Sources */ = {isa = PBXBuildFile; fileRef = D523E9F92C782D4200F9D48C /* APIConstants.swift */; };
		D523E9FD2C78306800F9D48C /* APError.swift in Sources */ = {isa = PBXBuildFile; fileRef = D523E9FC2C78306800F9D48C /* APError.swift */; };
		D5EB2BEA2C77135800FDBC17 /* Person.swift in Sources */ = {isa = PBXBuildFile; fileRef = D5EB2BE92C77135800FDBC17 /* Person.swift */; };
		D5EB2BEE2C7715E200FDBC17 /* PersonListView.swift in Sources */ = {isa = PBXBuildFile; fileRef = D5EB2BED2C7715E200FDBC17 /* PersonListView.swift */; };
		D5EB2BF22C77171D00FDBC17 /* PersonListViewCell.swift in Sources */ = {isa = PBXBuildFile; fileRef = D5EB2BF12C77171D00FDBC17 /* PersonListViewCell.swift */; };
		D5F0ACB12C770E44000E087C /* AppDelegate.swift in Sources */ = {isa = PBXBuildFile; fileRef = D5F0ACB02C770E44000E087C /* AppDelegate.swift */; };
		D5F0ACB32C770E44000E087C /* SceneDelegate.swift in Sources */ = {isa = PBXBuildFile; fileRef = D5F0ACB22C770E44000E087C /* SceneDelegate.swift */; };
		D5F0ACB52C770E44000E087C /* PersonListVC.swift in Sources */ = {isa = PBXBuildFile; fileRef = D5F0ACB42C770E44000E087C /* PersonListVC.swift */; };
		D5F0ACBA2C770E45000E087C /* Assets.xcassets in Resources */ = {isa = PBXBuildFile; fileRef = D5F0ACB92C770E45000E087C /* Assets.xcassets */; };
		D5F0ACBD2C770E45000E087C /* LaunchScreen.storyboard in Resources */ = {isa = PBXBuildFile; fileRef = D5F0ACBB2C770E45000E087C /* LaunchScreen.storyboard */; };
		F9BD33802C77813C0001F363 /* BaseUITableViewCell.swift in Sources */ = {isa = PBXBuildFile; fileRef = F9BD337F2C77813C0001F363 /* BaseUITableViewCell.swift */; };
/* End PBXBuildFile section */

/* Begin PBXFileReference section */
		0CB0E86C52C0C59A1F3C6FD4 /* libPods-LazyLoadingList.a */ = {isa = PBXFileReference; explicitFileType = archive.ar; includeInIndex = 0; path = "libPods-LazyLoadingList.a"; sourceTree = BUILT_PRODUCTS_DIR; };
		6370DA18F21077C6CBDC91D6 /* Pods-LazyLoadingList.release.xcconfig */ = {isa = PBXFileReference; includeInIndex = 1; lastKnownFileType = text.xcconfig; name = "Pods-LazyLoadingList.release.xcconfig"; path = "Target Support Files/Pods-LazyLoadingList/Pods-LazyLoadingList.release.xcconfig"; sourceTree = "<group>"; };
		D52302782C772D70003B5989 /* PersonDetailsVC.swift */ = {isa = PBXFileReference; lastKnownFileType = sourcecode.swift; path = PersonDetailsVC.swift; sourceTree = "<group>"; };
		D523027B2C772D9A003B5989 /* PersonDetailsView.swift */ = {isa = PBXFileReference; lastKnownFileType = sourcecode.swift; path = PersonDetailsView.swift; sourceTree = "<group>"; };
		D52302812C773628003B5989 /* UIColor+Extension.swift */ = {isa = PBXFileReference; lastKnownFileType = sourcecode.swift; path = "UIColor+Extension.swift"; sourceTree = "<group>"; };
		D52302862C7739F0003B5989 /* BaseUIView.swift */ = {isa = PBXFileReference; lastKnownFileType = sourcecode.swift; path = BaseUIView.swift; sourceTree = "<group>"; };
		D52302882C773DCF003B5989 /* SingleDetailView.swift */ = {isa = PBXFileReference; lastKnownFileType = sourcecode.swift; path = SingleDetailView.swift; sourceTree = "<group>"; };
		D523E9F22C78236F00F9D48C /* PersonService.swift */ = {isa = PBXFileReference; lastKnownFileType = sourcecode.swift; path = PersonService.swift; sourceTree = "<group>"; };
		D523E9F42C7825FC00F9D48C /* PersonListViewModel.swift */ = {isa = PBXFileReference; lastKnownFileType = sourcecode.swift; path = PersonListViewModel.swift; sourceTree = "<group>"; };
		D523E9F72C78283F00F9D48C /* AppCoordinator.swift */ = {isa = PBXFileReference; lastKnownFileType = sourcecode.swift; path = AppCoordinator.swift; sourceTree = "<group>"; };
		D523E9F92C782D4200F9D48C /* APIConstants.swift */ = {isa = PBXFileReference; lastKnownFileType = sourcecode.swift; path = APIConstants.swift; sourceTree = "<group>"; };
		D523E9FC2C78306800F9D48C /* APError.swift */ = {isa = PBXFileReference; lastKnownFileType = sourcecode.swift; path = APError.swift; sourceTree = "<group>"; };
		D5EB2BE92C77135800FDBC17 /* Person.swift */ = {isa = PBXFileReference; lastKnownFileType = sourcecode.swift; path = Person.swift; sourceTree = "<group>"; };
		D5EB2BED2C7715E200FDBC17 /* PersonListView.swift */ = {isa = PBXFileReference; lastKnownFileType = sourcecode.swift; path = PersonListView.swift; sourceTree = "<group>"; };
		D5EB2BF12C77171D00FDBC17 /* PersonListViewCell.swift */ = {isa = PBXFileReference; lastKnownFileType = sourcecode.swift; path = PersonListViewCell.swift; sourceTree = "<group>"; };
		D5F0ACAD2C770E44000E087C /* LazyLoadingList.app */ = {isa = PBXFileReference; explicitFileType = wrapper.application; includeInIndex = 0; path = LazyLoadingList.app; sourceTree = BUILT_PRODUCTS_DIR; };
		D5F0ACB02C770E44000E087C /* AppDelegate.swift */ = {isa = PBXFileReference; lastKnownFileType = sourcecode.swift; path = AppDelegate.swift; sourceTree = "<group>"; };
		D5F0ACB22C770E44000E087C /* SceneDelegate.swift */ = {isa = PBXFileReference; lastKnownFileType = sourcecode.swift; path = SceneDelegate.swift; sourceTree = "<group>"; };
		D5F0ACB42C770E44000E087C /* PersonListVC.swift */ = {isa = PBXFileReference; lastKnownFileType = sourcecode.swift; path = PersonListVC.swift; sourceTree = "<group>"; };
		D5F0ACB92C770E45000E087C /* Assets.xcassets */ = {isa = PBXFileReference; lastKnownFileType = folder.assetcatalog; path = Assets.xcassets; sourceTree = "<group>"; };
		D5F0ACBC2C770E45000E087C /* Base */ = {isa = PBXFileReference; lastKnownFileType = file.storyboard; name = Base; path = Base.lproj/LaunchScreen.storyboard; sourceTree = "<group>"; };
		D5F0ACBE2C770E45000E087C /* Info.plist */ = {isa = PBXFileReference; lastKnownFileType = text.plist.xml; path = Info.plist; sourceTree = "<group>"; };
		E34AEA3D8973F0EDC4A17A9C /* Pods-LazyLoadingList.debug.xcconfig */ = {isa = PBXFileReference; includeInIndex = 1; lastKnownFileType = text.xcconfig; name = "Pods-LazyLoadingList.debug.xcconfig"; path = "Target Support Files/Pods-LazyLoadingList/Pods-LazyLoadingList.debug.xcconfig"; sourceTree = "<group>"; };
		F9BD337F2C77813C0001F363 /* BaseUITableViewCell.swift */ = {isa = PBXFileReference; lastKnownFileType = sourcecode.swift; path = BaseUITableViewCell.swift; sourceTree = "<group>"; };
/* End PBXFileReference section */

/* Begin PBXFrameworksBuildPhase section */
		D5F0ACAA2C770E44000E087C /* Frameworks */ = {
			isa = PBXFrameworksBuildPhase;
			buildActionMask = 2147483647;
			files = (
				2A1105EE0DD20978CDC4B8FA /* libPods-LazyLoadingList.a in Frameworks */,
			);
			runOnlyForDeploymentPostprocessing = 0;
		};
/* End PBXFrameworksBuildPhase section */

/* Begin PBXGroup section */
		467218FD9CD720177AE76A5B /* Frameworks */ = {
			isa = PBXGroup;
			children = (
				0CB0E86C52C0C59A1F3C6FD4 /* libPods-LazyLoadingList.a */,
			);
			name = Frameworks;
			sourceTree = "<group>";
		};
		D52302772C772D11003B5989 /* PersonDetails */ = {
			isa = PBXGroup;
			children = (
				D52302802C773348003B5989 /* ViewModel */,
				D523027A2C772D7B003B5989 /* View */,
				D52302782C772D70003B5989 /* PersonDetailsVC.swift */,
			);
			path = PersonDetails;
			sourceTree = "<group>";
		};
		D523027A2C772D7B003B5989 /* View */ = {
			isa = PBXGroup;
			children = (
				D52302882C773DCF003B5989 /* SingleDetailView.swift */,
				D523027B2C772D9A003B5989 /* PersonDetailsView.swift */,
			);
			path = View;
			sourceTree = "<group>";
		};
		D52302802C773348003B5989 /* ViewModel */ = {
			isa = PBXGroup;
			children = (
			);
			path = ViewModel;
			sourceTree = "<group>";
		};
		D52302852C773981003B5989 /* BaseFiles */ = {
			isa = PBXGroup;
			children = (
				D52302862C7739F0003B5989 /* BaseUIView.swift */,
				F9BD337F2C77813C0001F363 /* BaseUITableViewCell.swift */,
			);
			path = BaseFiles;
			sourceTree = "<group>";
		};
		D523E9F12C78230600F9D48C /* Service */ = {
			isa = PBXGroup;
			children = (
				D523E9F22C78236F00F9D48C /* PersonService.swift */,
				D523E9F92C782D4200F9D48C /* APIConstants.swift */,
			);
			path = Service;
			sourceTree = "<group>";
		};
		D523E9F62C78281800F9D48C /* Coordinator */ = {
			isa = PBXGroup;
			children = (
				D523E9F72C78283F00F9D48C /* AppCoordinator.swift */,
			);
			path = Coordinator;
			sourceTree = "<group>";
		};
		D523E9FB2C78304700F9D48C /* Util */ = {
			isa = PBXGroup;
			children = (
				D523E9FC2C78306800F9D48C /* APError.swift */,
			);
			path = Util;
			sourceTree = "<group>";
		};
		D5EB2BE52C77120000FDBC17 /* App */ = {
			isa = PBXGroup;
			children = (
				D5F0ACB02C770E44000E087C /* AppDelegate.swift */,
				D5F0ACB22C770E44000E087C /* SceneDelegate.swift */,
				D5F0ACBB2C770E45000E087C /* LaunchScreen.storyboard */,
			);
			path = App;
			sourceTree = "<group>";
		};
		D5EB2BE62C7712A500FDBC17 /* Core */ = {
			isa = PBXGroup;
			children = (
				D52302772C772D11003B5989 /* PersonDetails */,
				D5EB2BE72C7712B100FDBC17 /* Root */,
			);
			path = Core;
			sourceTree = "<group>";
		};
		D5EB2BE72C7712B100FDBC17 /* Root */ = {
			isa = PBXGroup;
			children = (
				D5EB2BEC2C7715A400FDBC17 /* ViewModel */,
				D5EB2BEB2C77157E00FDBC17 /* View */,
				D5F0ACB42C770E44000E087C /* PersonListVC.swift */,
			);
			path = Root;
			sourceTree = "<group>";
		};
		D5EB2BE82C77134500FDBC17 /* Model */ = {
			isa = PBXGroup;
			children = (
				D5EB2BE92C77135800FDBC17 /* Person.swift */,
			);
			path = Model;
			sourceTree = "<group>";
		};
		D5EB2BEB2C77157E00FDBC17 /* View */ = {
			isa = PBXGroup;
			children = (
				D5EB2BF02C7716F200FDBC17 /* Cell */,
				D5EB2BED2C7715E200FDBC17 /* PersonListView.swift */,
			);
			path = View;
			sourceTree = "<group>";
		};
		D5EB2BEC2C7715A400FDBC17 /* ViewModel */ = {
			isa = PBXGroup;
			children = (
				D523E9F42C7825FC00F9D48C /* PersonListViewModel.swift */,
			);
			path = ViewModel;
			sourceTree = "<group>";
		};
		D5EB2BEF2C77161E00FDBC17 /* Extensions */ = {
			isa = PBXGroup;
			children = (
				D52302812C773628003B5989 /* UIColor+Extension.swift */,
			);
			path = Extensions;
			sourceTree = "<group>";
		};
		D5EB2BF02C7716F200FDBC17 /* Cell */ = {
			isa = PBXGroup;
			children = (
				D5EB2BF12C77171D00FDBC17 /* PersonListViewCell.swift */,
			);
			path = Cell;
			sourceTree = "<group>";
		};
		D5F0ACA42C770E44000E087C = {
			isa = PBXGroup;
			children = (
				D5F0ACAF2C770E44000E087C /* LazyLoadingList */,
				D5F0ACAE2C770E44000E087C /* Products */,
				E0C5EDDCDFA7727CF9DD1337 /* Pods */,
				467218FD9CD720177AE76A5B /* Frameworks */,
			);
			sourceTree = "<group>";
		};
		D5F0ACAE2C770E44000E087C /* Products */ = {
			isa = PBXGroup;
			children = (
				D5F0ACAD2C770E44000E087C /* LazyLoadingList.app */,
			);
			name = Products;
			sourceTree = "<group>";
		};
		D5F0ACAF2C770E44000E087C /* LazyLoadingList */ = {
			isa = PBXGroup;
			children = (
				D5EB2BE52C77120000FDBC17 /* App */,
				D523E9F62C78281800F9D48C /* Coordinator */,
				D523E9F12C78230600F9D48C /* Service */,
				D5EB2BE82C77134500FDBC17 /* Model */,
				D5EB2BE62C7712A500FDBC17 /* Core */,
				D523E9FB2C78304700F9D48C /* Util */,
				D5EB2BEF2C77161E00FDBC17 /* Extensions */,
				D52302852C773981003B5989 /* BaseFiles */,
				D5F0ACB92C770E45000E087C /* Assets.xcassets */,
				D5F0ACBE2C770E45000E087C /* Info.plist */,
			);
			path = LazyLoadingList;
			sourceTree = "<group>";
		};
		E0C5EDDCDFA7727CF9DD1337 /* Pods */ = {
			isa = PBXGroup;
			children = (
				E34AEA3D8973F0EDC4A17A9C /* Pods-LazyLoadingList.debug.xcconfig */,
				6370DA18F21077C6CBDC91D6 /* Pods-LazyLoadingList.release.xcconfig */,
			);
			path = Pods;
			sourceTree = "<group>";
		};
/* End PBXGroup section */

/* Begin PBXNativeTarget section */
		D5F0ACAC2C770E44000E087C /* LazyLoadingList */ = {
			isa = PBXNativeTarget;
			buildConfigurationList = D5F0ACC12C770E45000E087C /* Build configuration list for PBXNativeTarget "LazyLoadingList" */;
			buildPhases = (
				EC00EA4478E07088B1552E99 /* [CP] Check Pods Manifest.lock */,
				D5F0ACA92C770E44000E087C /* Sources */,
				D5F0ACAA2C770E44000E087C /* Frameworks */,
				D5F0ACAB2C770E44000E087C /* Resources */,
			);
			buildRules = (
			);
			dependencies = (
			);
			name = LazyLoadingList;
			productName = LazyLoadingList;
			productReference = D5F0ACAD2C770E44000E087C /* LazyLoadingList.app */;
			productType = "com.apple.product-type.application";
		};
/* End PBXNativeTarget section */

/* Begin PBXProject section */
		D5F0ACA52C770E44000E087C /* Project object */ = {
			isa = PBXProject;
			attributes = {
				BuildIndependentTargetsInParallel = 1;
				LastSwiftUpdateCheck = 1510;
				LastUpgradeCheck = 1510;
				TargetAttributes = {
					D5F0ACAC2C770E44000E087C = {
						CreatedOnToolsVersion = 15.1;
					};
				};
			};
			buildConfigurationList = D5F0ACA82C770E44000E087C /* Build configuration list for PBXProject "LazyLoadingList" */;
			compatibilityVersion = "Xcode 14.0";
			developmentRegion = en;
			hasScannedForEncodings = 0;
			knownRegions = (
				en,
				Base,
			);
			mainGroup = D5F0ACA42C770E44000E087C;
			productRefGroup = D5F0ACAE2C770E44000E087C /* Products */;
			projectDirPath = "";
			projectRoot = "";
			targets = (
				D5F0ACAC2C770E44000E087C /* LazyLoadingList */,
			);
		};
/* End PBXProject section */

/* Begin PBXResourcesBuildPhase section */
		D5F0ACAB2C770E44000E087C /* Resources */ = {
			isa = PBXResourcesBuildPhase;
			buildActionMask = 2147483647;
			files = (
				D5F0ACBD2C770E45000E087C /* LaunchScreen.storyboard in Resources */,
				D5F0ACBA2C770E45000E087C /* Assets.xcassets in Resources */,
			);
			runOnlyForDeploymentPostprocessing = 0;
		};
/* End PBXResourcesBuildPhase section */

/* Begin PBXShellScriptBuildPhase section */
		EC00EA4478E07088B1552E99 /* [CP] Check Pods Manifest.lock */ = {
			isa = PBXShellScriptBuildPhase;
			buildActionMask = 2147483647;
			files = (
			);
			inputFileListPaths = (
			);
			inputPaths = (
				"${PODS_PODFILE_DIR_PATH}/Podfile.lock",
				"${PODS_ROOT}/Manifest.lock",
			);
			name = "[CP] Check Pods Manifest.lock";
			outputFileListPaths = (
			);
			outputPaths = (
				"$(DERIVED_FILE_DIR)/Pods-LazyLoadingList-checkManifestLockResult.txt",
			);
			runOnlyForDeploymentPostprocessing = 0;
			shellPath = /bin/sh;
			shellScript = "diff \"${PODS_PODFILE_DIR_PATH}/Podfile.lock\" \"${PODS_ROOT}/Manifest.lock\" > /dev/null\nif [ $? != 0 ] ; then\n    # print error to STDERR\n    echo \"error: The sandbox is not in sync with the Podfile.lock. Run 'pod install' or update your CocoaPods installation.\" >&2\n    exit 1\nfi\n# This output is used by Xcode 'outputs' to avoid re-running this script phase.\necho \"SUCCESS\" > \"${SCRIPT_OUTPUT_FILE_0}\"\n";
			showEnvVarsInLog = 0;
		};
/* End PBXShellScriptBuildPhase section */

/* Begin PBXSourcesBuildPhase section */
		D5F0ACA92C770E44000E087C /* Sources */ = {
			isa = PBXSourcesBuildPhase;
			buildActionMask = 2147483647;
			files = (
				D5F0ACB52C770E44000E087C /* PersonListVC.swift in Sources */,
				D5EB2BF22C77171D00FDBC17 /* PersonListViewCell.swift in Sources */,
				D523027C2C772D9A003B5989 /* PersonDetailsView.swift in Sources */,
				D523E9F32C78236F00F9D48C /* PersonService.swift in Sources */,
				D523E9FA2C782D4200F9D48C /* APIConstants.swift in Sources */,
				D52302892C773DCF003B5989 /* SingleDetailView.swift in Sources */,
				D52302822C773628003B5989 /* UIColor+Extension.swift in Sources */,
				D5F0ACB12C770E44000E087C /* AppDelegate.swift in Sources */,
				D523E9FD2C78306800F9D48C /* APError.swift in Sources */,
				D52302872C7739F0003B5989 /* BaseUIView.swift in Sources */,
				D5EB2BEA2C77135800FDBC17 /* Person.swift in Sources */,
				D523E9F52C7825FC00F9D48C /* PersonListViewModel.swift in Sources */,
				F9BD33802C77813C0001F363 /* BaseUITableViewCell.swift in Sources */,
				D5F0ACB32C770E44000E087C /* SceneDelegate.swift in Sources */,
				D523E9F82C78283F00F9D48C /* AppCoordinator.swift in Sources */,
				D5EB2BEE2C7715E200FDBC17 /* PersonListView.swift in Sources */,
				D52302792C772D70003B5989 /* PersonDetailsVC.swift in Sources */,
			);
			runOnlyForDeploymentPostprocessing = 0;
		};
/* End PBXSourcesBuildPhase section */

/* Begin PBXVariantGroup section */
		D5F0ACBB2C770E45000E087C /* LaunchScreen.storyboard */ = {
			isa = PBXVariantGroup;
			children = (
				D5F0ACBC2C770E45000E087C /* Base */,
			);
			name = LaunchScreen.storyboard;
			sourceTree = "<group>";
		};
/* End PBXVariantGroup section */

/* Begin XCBuildConfiguration section */
		D5F0ACBF2C770E45000E087C /* Debug */ = {
			isa = XCBuildConfiguration;
			buildSettings = {
				ALWAYS_SEARCH_USER_PATHS = NO;
				ASSETCATALOG_COMPILER_GENERATE_SWIFT_ASSET_SYMBOL_EXTENSIONS = YES;
				CLANG_ANALYZER_NONNULL = YES;
				CLANG_ANALYZER_NUMBER_OBJECT_CONVERSION = YES_AGGRESSIVE;
				CLANG_CXX_LANGUAGE_STANDARD = "gnu++20";
				CLANG_ENABLE_MODULES = YES;
				CLANG_ENABLE_OBJC_ARC = YES;
				CLANG_ENABLE_OBJC_WEAK = YES;
				CLANG_WARN_BLOCK_CAPTURE_AUTORELEASING = YES;
				CLANG_WARN_BOOL_CONVERSION = YES;
				CLANG_WARN_COMMA = YES;
				CLANG_WARN_CONSTANT_CONVERSION = YES;
				CLANG_WARN_DEPRECATED_OBJC_IMPLEMENTATIONS = YES;
				CLANG_WARN_DIRECT_OBJC_ISA_USAGE = YES_ERROR;
				CLANG_WARN_DOCUMENTATION_COMMENTS = YES;
				CLANG_WARN_EMPTY_BODY = YES;
				CLANG_WARN_ENUM_CONVERSION = YES;
				CLANG_WARN_INFINITE_RECURSION = YES;
				CLANG_WARN_INT_CONVERSION = YES;
				CLANG_WARN_NON_LITERAL_NULL_CONVERSION = YES;
				CLANG_WARN_OBJC_IMPLICIT_RETAIN_SELF = YES;
				CLANG_WARN_OBJC_LITERAL_CONVERSION = YES;
				CLANG_WARN_OBJC_ROOT_CLASS = YES_ERROR;
				CLANG_WARN_QUOTED_INCLUDE_IN_FRAMEWORK_HEADER = YES;
				CLANG_WARN_RANGE_LOOP_ANALYSIS = YES;
				CLANG_WARN_STRICT_PROTOTYPES = YES;
				CLANG_WARN_SUSPICIOUS_MOVE = YES;
				CLANG_WARN_UNGUARDED_AVAILABILITY = YES_AGGRESSIVE;
				CLANG_WARN_UNREACHABLE_CODE = YES;
				CLANG_WARN__DUPLICATE_METHOD_MATCH = YES;
				COPY_PHASE_STRIP = NO;
				DEBUG_INFORMATION_FORMAT = dwarf;
				ENABLE_STRICT_OBJC_MSGSEND = YES;
				ENABLE_TESTABILITY = YES;
				ENABLE_USER_SCRIPT_SANDBOXING = YES;
				GCC_C_LANGUAGE_STANDARD = gnu17;
				GCC_DYNAMIC_NO_PIC = NO;
				GCC_NO_COMMON_BLOCKS = YES;
				GCC_OPTIMIZATION_LEVEL = 0;
				GCC_PREPROCESSOR_DEFINITIONS = (
					"DEBUG=1",
					"$(inherited)",
				);
				GCC_WARN_64_TO_32_BIT_CONVERSION = YES;
				GCC_WARN_ABOUT_RETURN_TYPE = YES_ERROR;
				GCC_WARN_UNDECLARED_SELECTOR = YES;
				GCC_WARN_UNINITIALIZED_AUTOS = YES_AGGRESSIVE;
				GCC_WARN_UNUSED_FUNCTION = YES;
				GCC_WARN_UNUSED_VARIABLE = YES;
				IPHONEOS_DEPLOYMENT_TARGET = 17.2;
				LOCALIZATION_PREFERS_STRING_CATALOGS = YES;
				MTL_ENABLE_DEBUG_INFO = INCLUDE_SOURCE;
				MTL_FAST_MATH = YES;
				ONLY_ACTIVE_ARCH = YES;
				SDKROOT = iphoneos;
				SWIFT_ACTIVE_COMPILATION_CONDITIONS = "DEBUG $(inherited)";
				SWIFT_OPTIMIZATION_LEVEL = "-Onone";
			};
			name = Debug;
		};
		D5F0ACC02C770E45000E087C /* Release */ = {
			isa = XCBuildConfiguration;
			buildSettings = {
				ALWAYS_SEARCH_USER_PATHS = NO;
				ASSETCATALOG_COMPILER_GENERATE_SWIFT_ASSET_SYMBOL_EXTENSIONS = YES;
				CLANG_ANALYZER_NONNULL = YES;
				CLANG_ANALYZER_NUMBER_OBJECT_CONVERSION = YES_AGGRESSIVE;
				CLANG_CXX_LANGUAGE_STANDARD = "gnu++20";
				CLANG_ENABLE_MODULES = YES;
				CLANG_ENABLE_OBJC_ARC = YES;
				CLANG_ENABLE_OBJC_WEAK = YES;
				CLANG_WARN_BLOCK_CAPTURE_AUTORELEASING = YES;
				CLANG_WARN_BOOL_CONVERSION = YES;
				CLANG_WARN_COMMA = YES;
				CLANG_WARN_CONSTANT_CONVERSION = YES;
				CLANG_WARN_DEPRECATED_OBJC_IMPLEMENTATIONS = YES;
				CLANG_WARN_DIRECT_OBJC_ISA_USAGE = YES_ERROR;
				CLANG_WARN_DOCUMENTATION_COMMENTS = YES;
				CLANG_WARN_EMPTY_BODY = YES;
				CLANG_WARN_ENUM_CONVERSION = YES;
				CLANG_WARN_INFINITE_RECURSION = YES;
				CLANG_WARN_INT_CONVERSION = YES;
				CLANG_WARN_NON_LITERAL_NULL_CONVERSION = YES;
				CLANG_WARN_OBJC_IMPLICIT_RETAIN_SELF = YES;
				CLANG_WARN_OBJC_LITERAL_CONVERSION = YES;
				CLANG_WARN_OBJC_ROOT_CLASS = YES_ERROR;
				CLANG_WARN_QUOTED_INCLUDE_IN_FRAMEWORK_HEADER = YES;
				CLANG_WARN_RANGE_LOOP_ANALYSIS = YES;
				CLANG_WARN_STRICT_PROTOTYPES = YES;
				CLANG_WARN_SUSPICIOUS_MOVE = YES;
				CLANG_WARN_UNGUARDED_AVAILABILITY = YES_AGGRESSIVE;
				CLANG_WARN_UNREACHABLE_CODE = YES;
				CLANG_WARN__DUPLICATE_METHOD_MATCH = YES;
				COPY_PHASE_STRIP = NO;
				DEBUG_INFORMATION_FORMAT = "dwarf-with-dsym";
				ENABLE_NS_ASSERTIONS = NO;
				ENABLE_STRICT_OBJC_MSGSEND = YES;
				ENABLE_USER_SCRIPT_SANDBOXING = YES;
				GCC_C_LANGUAGE_STANDARD = gnu17;
				GCC_NO_COMMON_BLOCKS = YES;
				GCC_WARN_64_TO_32_BIT_CONVERSION = YES;
				GCC_WARN_ABOUT_RETURN_TYPE = YES_ERROR;
				GCC_WARN_UNDECLARED_SELECTOR = YES;
				GCC_WARN_UNINITIALIZED_AUTOS = YES_AGGRESSIVE;
				GCC_WARN_UNUSED_FUNCTION = YES;
				GCC_WARN_UNUSED_VARIABLE = YES;
				IPHONEOS_DEPLOYMENT_TARGET = 17.2;
				LOCALIZATION_PREFERS_STRING_CATALOGS = YES;
				MTL_ENABLE_DEBUG_INFO = NO;
				MTL_FAST_MATH = YES;
				SDKROOT = iphoneos;
				SWIFT_COMPILATION_MODE = wholemodule;
				VALIDATE_PRODUCT = YES;
			};
			name = Release;
		};
		D5F0ACC22C770E45000E087C /* Debug */ = {
			isa = XCBuildConfiguration;
			baseConfigurationReference = E34AEA3D8973F0EDC4A17A9C /* Pods-LazyLoadingList.debug.xcconfig */;
			buildSettings = {
				ASSETCATALOG_COMPILER_APPICON_NAME = AppIcon;
				ASSETCATALOG_COMPILER_GLOBAL_ACCENT_COLOR_NAME = AccentColor;
				CODE_SIGN_STYLE = Automatic;
				CURRENT_PROJECT_VERSION = 1;
				DEVELOPMENT_TEAM = TJ4DPFCMFY;
				GENERATE_INFOPLIST_FILE = YES;
				INFOPLIST_FILE = LazyLoadingList/Info.plist;
				INFOPLIST_KEY_UIApplicationSupportsIndirectInputEvents = YES;
				INFOPLIST_KEY_UILaunchStoryboardName = LaunchScreen;
				INFOPLIST_KEY_UISupportedInterfaceOrientations_iPad = "UIInterfaceOrientationPortrait UIInterfaceOrientationPortraitUpsideDown UIInterfaceOrientationLandscapeLeft UIInterfaceOrientationLandscapeRight";
				INFOPLIST_KEY_UISupportedInterfaceOrientations_iPhone = "UIInterfaceOrientationPortrait UIInterfaceOrientationLandscapeLeft UIInterfaceOrientationLandscapeRight";
				LD_RUNPATH_SEARCH_PATHS = (
					"$(inherited)",
					"@executable_path/Frameworks",
				);
				MARKETING_VERSION = 1.0;
				PRODUCT_BUNDLE_IDENTIFIER = cove.LazyLoadingList;
				PRODUCT_NAME = "$(TARGET_NAME)";
				SWIFT_EMIT_LOC_STRINGS = YES;
				SWIFT_VERSION = 5.0;
				TARGETED_DEVICE_FAMILY = "1,2";
			};
			name = Debug;
		};
		D5F0ACC32C770E45000E087C /* Release */ = {
			isa = XCBuildConfiguration;
			baseConfigurationReference = 6370DA18F21077C6CBDC91D6 /* Pods-LazyLoadingList.release.xcconfig */;
			buildSettings = {
				ASSETCATALOG_COMPILER_APPICON_NAME = AppIcon;
				ASSETCATALOG_COMPILER_GLOBAL_ACCENT_COLOR_NAME = AccentColor;
				CODE_SIGN_STYLE = Automatic;
				CURRENT_PROJECT_VERSION = 1;
				DEVELOPMENT_TEAM = TJ4DPFCMFY;
				GENERATE_INFOPLIST_FILE = YES;
				INFOPLIST_FILE = LazyLoadingList/Info.plist;
				INFOPLIST_KEY_UIApplicationSupportsIndirectInputEvents = YES;
				INFOPLIST_KEY_UILaunchStoryboardName = LaunchScreen;
				INFOPLIST_KEY_UISupportedInterfaceOrientations_iPad = "UIInterfaceOrientationPortrait UIInterfaceOrientationPortraitUpsideDown UIInterfaceOrientationLandscapeLeft UIInterfaceOrientationLandscapeRight";
				INFOPLIST_KEY_UISupportedInterfaceOrientations_iPhone = "UIInterfaceOrientationPortrait UIInterfaceOrientationLandscapeLeft UIInterfaceOrientationLandscapeRight";
				LD_RUNPATH_SEARCH_PATHS = (
					"$(inherited)",
					"@executable_path/Frameworks",
				);
				MARKETING_VERSION = 1.0;
				PRODUCT_BUNDLE_IDENTIFIER = cove.LazyLoadingList;
				PRODUCT_NAME = "$(TARGET_NAME)";
				SWIFT_EMIT_LOC_STRINGS = YES;
				SWIFT_VERSION = 5.0;
				TARGETED_DEVICE_FAMILY = "1,2";
			};
			name = Release;
		};
/* End XCBuildConfiguration section */

/* Begin XCConfigurationList section */
		D5F0ACA82C770E44000E087C /* Build configuration list for PBXProject "LazyLoadingList" */ = {
			isa = XCConfigurationList;
			buildConfigurations = (
				D5F0ACBF2C770E45000E087C /* Debug */,
				D5F0ACC02C770E45000E087C /* Release */,
			);
			defaultConfigurationIsVisible = 0;
			defaultConfigurationName = Release;
		};
		D5F0ACC12C770E45000E087C /* Build configuration list for PBXNativeTarget "LazyLoadingList" */ = {
			isa = XCConfigurationList;
			buildConfigurations = (
				D5F0ACC22C770E45000E087C /* Debug */,
				D5F0ACC32C770E45000E087C /* Release */,
			);
			defaultConfigurationIsVisible = 0;
			defaultConfigurationName = Release;
		};
/* End XCConfigurationList section */
	};
	rootObject = D5F0ACA52C770E44000E087C /* Project object */;
}
